Microsoft Visual Studio Solution File, Format Version 11.00
# Visual Studio 2008

Project("{D2D09962-5D8F-E108-D467-43BFAAB6F097}") = "Yellow Bird Windows x86", "Assembly-CSharp.csproj", "{613B2EDC-A431-5497-BDA1-1AA18FD28797}"
EndProject
Global
	GlobalSection(SolutionConfigurationPlatforms) = preSolution
		Debug|Any CPU = Debug|Any CPU
		Release|Any CPU = Release|Any CPU
	EndGlobalSection
	GlobalSection(ProjectConfigurationPlatforms) = postSolution
		{613B2EDC-A431-5497-BDA1-1AA18FD28797}.Debug|Any CPU.ActiveCfg = Debug|Any CPU
		{613B2EDC-A431-5497-BDA1-1AA18FD28797}.Debug|Any CPU.Build.0 = Debug|Any CPU
		{613B2EDC-A431-5497-BDA1-1AA18FD28797}.Release|Any CPU.ActiveCfg = Release|Any CPU
		{613B2EDC-A431-5497-BDA1-1AA18FD28797}.Release|Any CPU.Build.0 = Release|Any CPU
	EndGlobalSection
	GlobalSection(SolutionProperties) = preSolution
		HideSolutionNode = FALSE
	EndGlobalSection
	GlobalSection(MonoDevelopProperties) = preSolution
		StartupItem = Assembly-CSharp.csproj
	EndGlobalSection
EndGlobal
